arrow==1.4.0 \
    --hash=sha256:749f0769958ebdc79c173ff0b0670d59051a535fa26e8eba02953dc19eb43205 \
    --hash=sha256:ed0cc050e98001b8779e84d461b0098c4ac597e88704a655582b21d116e526d7
attrs==26.1.0 \
    --hash=sha256:c647aa4a12dfbad9333ca4e71fe62ddc36f4e63b2d260a37a8b83d2f043ac309 \
    --hash=sha256:d03ceb89cb322a8fd706d4fb91940737b6642aa36998fe130a9bc96c985eff32
fqdn==1.6.0 \
    --hash=sha256:6c793c312ccfa29981e1135b3ef5e1277ebe639731a6b0f7350d90e96e63f0b4 \
    --hash=sha256:e39bf62e2a9481aa2cb780554fdfd944dd8ee5f230eb831684d539cbafed8de2
idna==3.20 \
    --hash=sha256:a7db850025b95ded1eae8a46181a1a6c56c92c96f0e2b005d9ff8dc0210cab44 \
    --hash=sha256:ab7ae7122974553370f0bdb919e1a960b2cd1bc1ef0276416d896db81c14582c
isoduration==20.11.0 \
    --hash=sha256:ac2f9015137935279eac671f94f89eb00584f940f5dc49462a0c4ee692ba1bd9 \
    --hash=sha256:b2904c2a4228c3d44f409c8ae8e2370eb21a26f7ac2ec5446df141dde3452042
jsonpointer==3.2.0 \
    --hash=sha256:3e25c9bcadf5ae20c3420922234eaba1ae36ab9bef64cd72454aeaceb0b29aad \
    --hash=sha256:807db557622fbe07a0d49e19cf4795a269d55eee5ba345fb9959d148eba5ef94
jsonschema==4.26.0 \
    --hash=sha256:0c26707e2efad8aa1bfc5b7ce170f3fccc2e4918ff85989ba9ffa9facb2be326 \
    --hash=sha256:d489f15263b8d200f8387e64b4c3a75f06629559fb73deb8fdfb525f2dab50ce
jsonschema-specifications==2025.9.1 \
    --hash=sha256:98802fee3a11ee76ecaca44429fda8a41bff98b00a0f2838151b113f210cc6fe \
    --hash=sha256:b540987f239e745613c7a9176f3edb72b832a4ac465cf02712288397832b5e8d
junitparser==5.0.3 \
    --hash=sha256:553535b8cd1672a9c8bd2c7326ae1ae69279267fbc562106b5aa44d3c5f769af \
    --hash=sha256:f824ec1b7afbf2fd3b6813b87967b02fcda750e135d27be17cae497147419a04
lark==1.3.1 \
    --hash=sha256:b426a7a6d6d53189d318f2b6236ab5d6429eaf09259f1ca33eb716eed10d2905 \
    --hash=sha256:c629b661023a014c37da873b4ff58a817398d12635d3bbb2c5a03be7fe5d1e12
lz4==4.4.5 \
    --hash=sha256:0846e6e78f374156ccf21c631de80967e03cc3c01c373c665789dc0c5431e7fc \
    --hash=sha256:0bba042ec5a61fa77c7e380351a61cb768277801240249841defd2ff0a10742f \
    --hash=sha256:12233624f1bc2cebc414f9efb3113a03e89acce3ab6f72035577bc61b270d24d \
    --hash=sha256:13254bd78fef50105872989a2dc3418ff09aefc7d0765528adc21646a7288294 \
    --hash=sha256:15551280f5656d2206b9b43262799c89b25a25460416ec554075a8dc568e4397 \
    --hash=sha256:1dd4d91d25937c2441b9fc0f4af01704a2d09f30a38c5798bc1d1b5a15ec9581 \
    --hash=sha256:214e37cfe270948ea7eb777229e211c601a3e0875541c1035ab408fbceaddf50 \
    --hash=sha256:216ca0c6c90719731c64f41cfbd6f27a736d7e50a10b70fad2a9c9b262ec923d \
    --hash=sha256:24092635f47538b392c4eaeff14c7270d2c8e806bf4be2a6446a378591c5e69e \
    --hash=sha256:28ccaeb7c5222454cd5f60fcd152564205bcb801bd80e125949d2dfbadc76bbd \
    --hash=sha256:2a2b7504d2dffed3fd19d4085fe1cc30cf221263fd01030819bdd8d2bb101cf1 \
    --hash=sha256:2c3ea562c3af274264444819ae9b14dbbf1ab070aff214a05e97db6896c7597e \
    --hash=sha256:33dd86cea8375d8e5dd001e41f321d0a4b1eb7985f39be1b6a4f466cd480b8a7 \
    --hash=sha256:3b84a42da86e8ad8537aabef062e7f661f4a877d1c74d65606c49d835d36d668 \
    --hash=sha256:451039b609b9a88a934800b5fc6ee401c89ad9c175abf2f4d9f8b2e4ef1afc64 \
    --hash=sha256:533298d208b58b651662dd972f52d807d48915176e5b032fb4f8c3b6f5fe535c \
    --hash=sha256:5f0b9e53c1e82e88c10d7c180069363980136b9d7a8306c4dca4f760d60c39f0 \
    --hash=sha256:609a69c68e7cfcfa9d894dc06be13f2e00761485b62df4e2472f1b66f7b405fb \
    --hash=sha256:61d0ee03e6c616f4a8b69987d03d514e8896c8b1b7cc7598ad029e5c6aedfd43 \
    --hash=sha256:66c5de72bf4988e1b284ebdd6524c4bead2c507a2d7f172201572bac6f593901 \
    --hash=sha256:67531da3b62f49c939e09d56492baf397175ff39926d0bd5bd2d191ac2bff95f \
    --hash=sha256:6bb05416444fafea170b07181bc70640975ecc2a8c92b3b658c554119519716c \
    --hash=sha256:6d0bf51e7745484d2092b3a51ae6eb58c3bd3ce0300cf2b2c14f76c536d5697a \
    --hash=sha256:713a777de88a73425cf08eb11f742cd2c98628e79a8673d6a52e3c5f0c116f33 \
    --hash=sha256:75419bb1a559af00250b8f1360d508444e80ed4b26d9d40ec5b09fe7875cb989 \
    --hash=sha256:7b62f94b523c251cf32aa4ab555f14d39bd1a9df385b72443fd76d7c7fb051f5 \
    --hash=sha256:7c4e7c44b6a31de77d4dc9772b7d2561937c9588a734681f70ec547cfbc51ecd \
    --hash=sha256:7dc1e1e2dbd872f8fae529acd5e4839efd0b141eaa8ae7ce835a9fe80fbad89f \
    --hash=sha256:83bc23ef65b6ae44f3287c38cbf82c269e2e96a26e560aa551735883388dcc4b \
    --hash=sha256:8a842ead8ca7c0ee2f396ca5d878c4c40439a527ebad2b996b0444f0074ed004 \
    --hash=sha256:92159782a4502858a21e0079d77cdcaade23e8a5d252ddf46b0652604300d7be \
    --hash=sha256:9b5e6abca8df9f9bdc5c3085f33ff32cdc86ed04c65e0355506d46a5ac19b6e9 \
    --hash=sha256:a1acbbba9edbcbb982bc2cac5e7108f0f553aebac1040fbec67a011a45afa1ba \
    --hash=sha256:a2af2897333b421360fdcce895c6f6281dc3fab018d19d341cf64d043fc8d90d \
    --hash=sha256:a482eecc0b7829c89b498fda883dbd50e98153a116de612ee7c111c8bcf82d1d \
    --hash=sha256:a5f197ffa6fc0e93207b0af71b302e0a2f6f29982e5de0fbda61606dd3a55832 \
    --hash=sha256:a88cbb729cc333334ccfb52f070463c21560fca63afcf636a9f160a55fac3301 \
    --hash=sha256:b424df1076e40d4e884cfcc4c77d815368b7fb9ebcd7e634f937725cd9a8a72a \
    --hash=sha256:bd85d118316b53ed73956435bee1997bd06cc66dd2fa74073e3b1322bd520a67 \
    --hash=sha256:c1cfa663468a189dab510ab231aad030970593f997746d7a324d40104db0d0a9 \
    --hash=sha256:c216b6d5275fc060c6280936bb3bb0e0be6126afb08abccde27eed23dead135f \
    --hash=sha256:c8e71b14938082ebaf78144f3b3917ac715f72d14c076f384a4c062df96f9df6 \
    --hash=sha256:cdd4bdcbaf35056086d910d219106f6a04e1ab0daa40ec0eeef1626c27d0fddb \
    --hash=sha256:d221fa421b389ab2345640a508db57da36947a437dfe31aeddb8d5c7b646c22d \
    --hash=sha256:d64141085864918392c3159cdad15b102a620a67975c786777874e1e90ef15ce \
    --hash=sha256:d6da84a26b3aa5da13a62e4b89ab36a396e9327de8cd48b436a3467077f8ccd4 \
    --hash=sha256:d994b87abaa7a88ceb7a37c90f547b8284ff9da694e6afcfaa8568d739faf3f7 \
    --hash=sha256:da68497f78953017deb20edff0dba95641cc86e7423dfadf7c0264e1ac60dc22 \
    --hash=sha256:daffa4807ef54b927451208f5f85750c545a4abbff03d740835fc444cd97f758 \
    --hash=sha256:df5aa4cead2044bab83e0ebae56e0944cc7fcc1505c7787e9e1057d6d549897e \
    --hash=sha256:e099ddfaa88f59dd8d36c8a3c66bd982b4984edf127eb18e30bb49bdba68ce67 \
    --hash=sha256:e64e61f29cf95afb43549063d8433b46352baf0c8a70aa45e2585618fcf59d86 \
    --hash=sha256:e928ec2d84dc8d13285b4a9288fd6246c5cde4f5f935b479f50d986911f085e3 \
    --hash=sha256:f32b9e65d70f3684532358255dc053f143835c5f5991e28a5ac4c93ce94b9ea7 \
    --hash=sha256:f6538aaaedd091d6e5abdaa19b99e6e82697d67518f114721b5248709b639fad \
    --hash=sha256:f9b8bde9909a010c75b3aea58ec3910393b758f3c219beed67063693df854db0 \
    --hash=sha256:ff1b50aeeec64df5603f17984e4b5be6166058dcf8f1e26a3da40d7a0f6ab547
mcap==1.5.0 \
    --hash=sha256:44ba129d381abdca474fbf5bcee036db87d7075d9059b139bf2fee2975c8bd52 \
    --hash=sha256:9c385cc5e5a6bccff4aa0c6814b305faa2c3239ece46778661eaa6d809b1768a
opentelemetry-proto==1.45.1 \
    --hash=sha256:79e0fb95e4616691a469439238aa9224d75779b3e108e895d1aa125ab29ca77c \
    --hash=sha256:f38e2a8413053c180cd3d2637fbb279673ec2f6a6e09c995aafa2f452c52b46e
packaging==26.3 \
    --hash=sha256:94edc256424af38762eb31306eed28beb9f0efc50a8837492c9d6fd6004aed79 \
    --hash=sha256:d7193f7c8e4e93f444fde0262bf90af30e16fa0ad0ad44cb553c87339b23cd1c
protobuf==7.36.2 \
    --hash=sha256:497d0463ff3316681da6c0b9e8d06cb465d61abce00b613ab42226175644d1bb \
    --hash=sha256:89f23aa53c24553a2416fd4fd1ec06f74fa42b14b546d8883128813f775bbfd2 \
    --hash=sha256:912c1221170e16c08d1f086762f563dd61ff83c18b5fa6652952dfaded66f728 \
    --hash=sha256:a300819d441e078a5608c0d3c709796bb548136058fda017ae51d425b44fd353 \
    --hash=sha256:bdb3a345d48db958e6ce1f18e508beb0cc981d64f24088427549c866cd039f1e \
    --hash=sha256:cbc70b17ee27e28894c7fee8bb04be1abead49e936bc70eb60052531eee2079e \
    --hash=sha256:e11e1f0180583a2af89db6a2ecd9e8dc40aa6d2988ca175bfd0e6d12ea72d74e \
    --hash=sha256:f4fee11ec330d238b34a05c9b675f693c20415d1c5bd7d5320cc2f8a798eb9cf
python-dateutil==2.9.0.post0 \
    --hash=sha256:37dd54208da7e1cd875388217d5e00ebd4179249f90fb72437e91a35459a0ad3 \
    --hash=sha256:a8b2bc7bffae282281c8140a97d3aa9c14da0b136dfe83f850eea9a5f7470427
pyyaml==6.0.3 \
    --hash=sha256:00c4bdeba853cc34e7dd471f16b4114f4162dc03e6b7afcc2128711f0eca823c \
    --hash=sha256:0150219816b6a1fa26fb4699fb7daa9caf09eb1999f3b70fb6e786805e80375a \
    --hash=sha256:02893d100e99e03eda1c8fd5c441d8c60103fd175728e23e431db1b589cf5ab3 \
    --hash=sha256:02ea2dfa234451bbb8772601d7b8e426c2bfa197136796224e50e35a78777956 \
    --hash=sha256:0f29edc409a6392443abf94b9cf89ce99889a1dd5376d94316ae5145dfedd5d6 \
    --hash=sha256:10892704fc220243f5305762e276552a0395f7beb4dbf9b14ec8fd43b57f126c \
    --hash=sha256:16249ee61e95f858e83976573de0f5b2893b3677ba71c9dd36b9cf8be9ac6d65 \
    --hash=sha256:1d37d57ad971609cf3c53ba6a7e365e40660e3be0e5175fa9f2365a379d6095a \
    --hash=sha256:1ebe39cb5fc479422b83de611d14e2c0d3bb2a18bbcb01f229ab3cfbd8fee7a0 \
    --hash=sha256:214ed4befebe12df36bcc8bc2b64b396ca31be9304b8f59e25c11cf94a4c033b \
    --hash=sha256:2283a07e2c21a2aa78d9c4442724ec1eb15f5e42a723b99cb3d822d48f5f7ad1 \
    --hash=sha256:22ba7cfcad58ef3ecddc7ed1db3409af68d023b7f940da23c6c2a1890976eda6 \
    --hash=sha256:27c0abcb4a5dac13684a37f76e701e054692a9b2d3064b70f5e4eb54810553d7 \
    --hash=sha256:28c8d926f98f432f88adc23edf2e6d4921ac26fb084b028c733d01868d19007e \
    --hash=sha256:2e71d11abed7344e42a8849600193d15b6def118602c4c176f748e4583246007 \
    --hash=sha256:34d5fcd24b8445fadc33f9cf348c1047101756fd760b4dacb5c3e99755703310 \
    --hash=sha256:37503bfbfc9d2c40b344d06b2199cf0e96e97957ab1c1b546fd4f87e53e5d3e4 \
    --hash=sha256:3c5677e12444c15717b902a5798264fa7909e41153cdf9ef7ad571b704a63dd9 \
    --hash=sha256:3ff07ec89bae51176c0549bc4c63aa6202991da2d9a6129d7aef7f1407d3f295 \
    --hash=sha256:41715c910c881bc081f1e8872880d3c650acf13dfa8214bad49ed4cede7c34ea \
    --hash=sha256:418cf3f2111bc80e0933b2cd8cd04f286338bb88bdc7bc8e6dd775ebde60b5e0 \
    --hash=sha256:44edc647873928551a01e7a563d7452ccdebee747728c1080d881d68af7b997e \
    --hash=sha256:4a2e8cebe2ff6ab7d1050ecd59c25d4c8bd7e6f400f5f82b96557ac0abafd0ac \
    --hash=sha256:4ad1906908f2f5ae4e5a8ddfce73c320c2a1429ec52eafd27138b7f1cbe341c9 \
    --hash=sha256:501a031947e3a9025ed4405a168e6ef5ae3126c59f90ce0cd6f2bfc477be31b7 \
    --hash=sha256:5190d403f121660ce8d1d2c1bb2ef1bd05b5f68533fc5c2ea899bd15f4399b35 \
    --hash=sha256:5498cd1645aa724a7c71c8f378eb29ebe23da2fc0d7a08071d89469bf1d2defb \
    --hash=sha256:5cf4e27da7e3fbed4d6c3d8e797387aaad68102272f8f9752883bc32d61cb87b \
    --hash=sha256:5e0b74767e5f8c593e8c9b5912019159ed0533c70051e9cce3e8b6aa699fcd69 \
    --hash=sha256:5ed875a24292240029e4483f9d4a4b8a1ae08843b9c54f43fcc11e404532a8a5 \
    --hash=sha256:5fcd34e47f6e0b794d17de1b4ff496c00986e1c83f7ab2fb8fcfe9616ff7477b \
    --hash=sha256:5fdec68f91a0c6739b380c83b951e2c72ac0197ace422360e6d5a959d8d97b2c \
    --hash=sha256:6344df0d5755a2c9a276d4473ae6b90647e216ab4757f8426893b5dd2ac3f369 \
    --hash=sha256:64386e5e707d03a7e172c0701abfb7e10f0fb753ee1d773128192742712a98fd \
    --hash=sha256:652cb6edd41e718550aad172851962662ff2681490a8a711af6a4d288dd96824 \
    --hash=sha256:66291b10affd76d76f54fad28e22e51719ef9ba22b29e1d7d03d6777a9174198 \
    --hash=sha256:66e1674c3ef6f541c35191caae2d429b967b99e02040f5ba928632d9a7f0f065 \
    --hash=sha256:6adc77889b628398debc7b65c073bcb99c4a0237b248cacaf3fe8a557563ef6c \
    --hash=sha256:79005a0d97d5ddabfeeea4cf676af11e647e41d81c9a7722a193022accdb6b7c \
    --hash=sha256:7c6610def4f163542a622a73fb39f534f8c101d690126992300bf3207eab9764 \
    --hash=sha256:7f047e29dcae44602496db43be01ad42fc6f1cc0d8cd6c83d342306c32270196 \
    --hash=sha256:8098f252adfa6c80ab48096053f512f2321f0b998f98150cea9bd23d83e1467b \
    --hash=sha256:850774a7879607d3a6f50d36d04f00ee69e7fc816450e5f7e58d7f17f1ae5c00 \
    --hash=sha256:8d1fab6bb153a416f9aeb4b8763bc0f22a5586065f86f7664fc23339fc1c1fac \
    --hash=sha256:8da9669d359f02c0b91ccc01cac4a67f16afec0dac22c2ad09f46bee0697eba8 \
    --hash=sha256:8dc52c23056b9ddd46818a57b78404882310fb473d63f17b07d5c40421e47f8e \
    --hash=sha256:9149cad251584d5fb4981be1ecde53a1ca46c891a79788c0df828d2f166bda28 \
    --hash=sha256:93dda82c9c22deb0a405ea4dc5f2d0cda384168e466364dec6255b293923b2f3 \
    --hash=sha256:96b533f0e99f6579b3d4d4995707cf36df9100d67e0c8303a0c55b27b5f99bc5 \
    --hash=sha256:9c57bb8c96f6d1808c030b1687b9b5fb476abaa47f0db9c0101f5e9f394e97f4 \
    --hash=sha256:9c7708761fccb9397fe64bbc0395abcae8c4bf7b0eac081e12b809bf47700d0b \
    --hash=sha256:9f3bfb4965eb874431221a3ff3fdcddc7e74e3b07799e0e84ca4a0f867d449bf \
    --hash=sha256:a33284e20b78bd4a18c8c2282d549d10bc8408a2a7ff57653c0cf0b9be0afce5 \
    --hash=sha256:a80cb027f6b349846a3bf6d73b5e95e782175e52f22108cfa17876aaeff93702 \
    --hash=sha256:b30236e45cf30d2b8e7b3e85881719e98507abed1011bf463a8fa23e9c3e98a8 \
    --hash=sha256:b3bc83488de33889877a0f2543ade9f70c67d66d9ebb4ac959502e12de895788 \
    --hash=sha256:b865addae83924361678b652338317d1bd7e79b1f4596f96b96c77a5a34b34da \
    --hash=sha256:b8bb0864c5a28024fac8a632c443c87c5aa6f215c0b126c449ae1a150412f31d \
    --hash=sha256:ba1cc08a7ccde2d2ec775841541641e4548226580ab850948cbfda66a1befcdc \
    --hash=sha256:bdb2c67c6c1390b63c6ff89f210c8fd09d9a1217a465701eac7316313c915e4c \
    --hash=sha256:c1ff362665ae507275af2853520967820d9124984e0f7466736aea23d8611fba \
    --hash=sha256:c2514fceb77bc5e7a2f7adfaa1feb2fb311607c9cb518dbc378688ec73d8292f \
    --hash=sha256:c3355370a2c156cffb25e876646f149d5d68f5e0a3ce86a5084dd0b64a994917 \
    --hash=sha256:c458b6d084f9b935061bc36216e8a69a7e293a2f1e68bf956dcd9e6cbcd143f5 \
    --hash=sha256:d0eae10f8159e8fdad514efdc92d74fd8d682c933a6dd088030f3834bc8e6b26 \
    --hash=sha256:d76623373421df22fb4cf8817020cbb7ef15c725b9d5e45f17e189bfc384190f \
    --hash=sha256:ebc55a14a21cb14062aa4162f906cd962b28e2e9ea38f9b4391244cd8de4ae0b \
    --hash=sha256:eda16858a3cab07b80edaf74336ece1f986ba330fdb8ee0d6c0d68fe82bc96be \
    --hash=sha256:ee2922902c45ae8ccada2c5b501ab86c36525b883eff4255313a253a3160861c \
    --hash=sha256:efd7b85f94a6f21e4932043973a7ba2613b059c4a000551892ac9f1d11f5baf3 \
    --hash=sha256:f7057c9a337546edc7973c0d3ba84ddcdf0daa14533c2065749c9075001090e6 \
    --hash=sha256:fa160448684b4e94d80416c0fa4aac48967a969efe22931448d853ada8baf926 \
    --hash=sha256:fc09d0aa354569bc501d4e787133afc08552722d3ab34836a80547331bb5d4a0
referencing==0.37.0 \
    --hash=sha256:381329a9f99628c9069361716891d34ad94af76e461dcb0335825aecc7692231 \
    --hash=sha256:44aefc3142c5b842538163acb373e24cce6632bd54bdb01b21ad5863489f50d8
rfc3339-validator==0.1.4 \
    --hash=sha256:138a2abdf93304ad60530167e51d2dfb9549521a836871b88d7f4695d0022f6b \
    --hash=sha256:24f6ec1eda14ef823da9e36ec7113124b39c04d50a4d3d3a3c2859577e7791fa
rfc3986-validator==0.1.1 \
    --hash=sha256:2f235c432ef459970b4306369336b9d5dbdda31b510ca1e327636e01f528bfa9 \
    --hash=sha256:3d44bde7921b3b9ec3ae4e3adca370438eccebc676456449b145d533b240d055
rfc3987-syntax==1.1.0 \
    --hash=sha256:6c3d97604e4c5ce9f714898e05401a0445a641cfa276432b0a648c80856f6a3f \
    --hash=sha256:717a62cbf33cffdd16dfa3a497d81ce48a660ea691b1ddd7be710c22f00b4a0d
robotics-acceptance-harness==0.20.1 \
    --hash=sha256:4f58deba08c91837f6b92ad3588e7bb5dfd1322b0449f3b5f9d7b0c3e7cbe0ea \
    --hash=sha256:f86dfb49a36f1a6f4254d874c94ddeb92283dbffb14e0ed2b56ff796169c547e
robotics-runtime-contracts==0.19.0 \
    --hash=sha256:a6bb738c855f84a26844c303a2060bbce4aeed32fc2623624689b96d2c678e5b \
    --hash=sha256:f87fe61399a0cb31b9ebf377c871a7f1c02f6ff207e5461573a51e67615e0d70
rpds-py==2026.9.1 \
    --hash=sha256:00ba2d8c7dd4ee537978ddf4b3fbd712bef2d8751603f7f3146b3f4287768e25 \
    --hash=sha256:01445c8d194aa032a08e944f16567672da1c62dbdbefd8b6d0693032e290cf68 \
    --hash=sha256:028ad274ea951dac64491b5d1e65712a4aeabfdbdb9fccf797b57bd899b0c495 \
    --hash=sha256:0483515261947e4e8b8e1375bf7463e7eb6ccfb3d86e7b554d90cd5285f20f32 \
    --hash=sha256:068c37bba854ec2fe42f7365c640af11dd9895890ccbf2df5070d0c059bd7f96 \
    --hash=sha256:074a4d198bc34d9a8ea425114fc3ded6d11ec01f6a314a8db67454a5152d8834 \
    --hash=sha256:07deecbfce94c78473018bc7d10b337cc651d12df87a1eb2cb3e4024bc9c33d0 \
    --hash=sha256:08dae4a4095150a7c4545a1fb40b98e1ab1744fbc2770d92c977b9dadaa49ab6 \
    --hash=sha256:0da298fb372dc192610a4b9ecbc68a0cd8b675bbbd1fc519d01b41cfd658333e \
    --hash=sha256:0f045bb053c9057720d72c56dffe30dffdc05997b2897a827b9325f0ab6623fa \
    --hash=sha256:10e208f2425d973938afcd56e28a7c4be32e27b6a60b5d381f49fb9d8acf9759 \
    --hash=sha256:136a1c3fe4402b7008bc81cb62ee538481795b61a7e83df88dff3b3f02b726ff \
    --hash=sha256:159a7aab5c5e8b112c8830f54717ce56da1252ebdbb526f5be2df2309280b9e7 \
    --hash=sha256:172e47169583f46ce118cbec68e6795d0da0f4606b488b6434f8276bca0a058c \
    --hash=sha256:1c2d1f6da5128eabf34e963d7163a818846075a52568250d006c4c953b40f903 \
    --hash=sha256:1d55198263bb51f557550c6ed2e6d1cb6a6fed6eb5c9120b741c5926bef8a45d \
    --hash=sha256:1d77b649e6f7cdf12ca5c2a98dad0ad37f9ea9b6f960408a92f0cb12bb3d04d9 \
    --hash=sha256:1e8d4d79d828299bf44a55db22a9388ab967b49d17132c88eab0f4360b48da8e \
    --hash=sha256:22ffd29a63d71fb1b81552c21f2c2b734949b7ac751a9be70675a939a900839b \
    --hash=sha256:2693b2728bbcc48d09a981a356954b0c47c53ff25b545856f28a889ea619f69a \
    --hash=sha256:270bdcdaac5d5b6f73c5e22e7e135c7f2a50e789f71d9e241d5be8d90026e19a \
    --hash=sha256:2711d29b653b3bce48a63d18b9c6b53274669e6d6c4094dddeb4d9a0e45128b2 \
    --hash=sha256:2c16ab111bc27c646ba8aa005d0527754edc538ebb636f0b1bf8e244b48d1945 \
    --hash=sha256:306ee1850d8105b5baf977e78d45fcadd12c1a54678d614c9baf217708446e91 \
    --hash=sha256:3231c4c0e521dafa5be0c9f114ee2c2ad46650836f2d72caa86801950c3e7044 \
    --hash=sha256:3890a6aa36e6baa53d5258a2a25d3ef8b37ad165a6ab27a892d7c3e3a432cd69 \
    --hash=sha256:3a72c11530d71abfb66c8d7696a2f86c43e63fca8b948f1a784ac490f4ec688e \
    --hash=sha256:3b5a6f40f0a1486b4b36c888123afc67acdbd9f33235927acf5ff295429a0ba3 \
    --hash=sha256:3c91c210ae7645626c608400e3519b4a642f837cce09ca830db3beb2e9f274d4 \
    --hash=sha256:3cd182d7291d29b92c521a0069d9c01ba6193628a9a105531d11b40a6d731a33 \
    --hash=sha256:3e524c7874ac72884d28e16dd5b8d839fd09e0fe76b020d3fbca23212a7b8c52 \
    --hash=sha256:3e93b2cd69a9830be33e03945cd7cda940a0a8bfcfbff41d6144f0cb0d3d8bd9 \
    --hash=sha256:3edae8c5ddfdb6985d49ae9d150516e5076888879022f91a26c2de9276ce0bdb \
    --hash=sha256:3f0e9ac28fc067d4d34b88ae43c48e9489455c97fee9633d851f7eeed5a05d35 \
    --hash=sha256:42e75466f83cd43f6026c81eab74246efb2bdadafb307b85700632d06c68f299 \
    --hash=sha256:44b32a7c4f0da3d28af31c259e38ddcff096f855e205ed0671d02fcf44f1ea1c \
    --hash=sha256:457866b85daf5034296666168b84a69e0b2e89dc4f1af102b46f6448a60b9063 \
    --hash=sha256:45bc6bccf78b20fd834237d18db64965d7ee68ba7f60440a26c7ab71e7b8d51a \
    --hash=sha256:46d80bc76b51a6c24f9944368c28d38b8bcbcea1da4f2f8d3ebc31a67e8c6ec6 \
    --hash=sha256:4793ef7f78268b124b73fa933440f01d258bbae01de9fa53e9080c9ab0425a12 \
    --hash=sha256:492e5e428cbe126221611f47e068f01660352feec4ad18bc0f5ea9b2ae88fb14 \
    --hash=sha256:4b26b03d9d2658ee2fa234f8f4f19f38a09773fe5261028025032e26d4d35af0 \
    --hash=sha256:4c0d2cb595a420b34d5086db0add011e26e2c09d6a024afbac4228bf8f863a30 \
    --hash=sha256:4cfaf02209061880210819934de2f4f6aa83dc04dafe6770276acc240a56da31 \
    --hash=sha256:501909f2e4a1e2dee528ef766fe3c469060ebc17e54a8383d404ba07a81a6f02 \
    --hash=sha256:50906f5aea24b5a865cbd0a589698288631d9f3a54c3a937c83aefa95a0d14af \
    --hash=sha256:54ac2158a6f96cfbabff0b2eedaf94b90c5ec7ca8317fcadc61e1c2b2e0ff6ef \
    --hash=sha256:56c6952a9b15047466d0c2347c446a761d4527f89976156341e68f0ce5cc08b0 \
    --hash=sha256:56cd8b3f77d7b6812f533b662186a1f28316931166ddc00fb893b1b0db7e9888 \
    --hash=sha256:57492a550a1d88d29d003247e5f78dd8cf04a701fac0e4c8db8745a6d2504e0a \
    --hash=sha256:5943980471829f6de242a20b109de3111ba6b77e3af0ffc587028ac854b05e6c \
    --hash=sha256:5c6ee90dee3e85e055ddfd502d611643d9b0fd94c818220bda84ec3dacd9b27b \
    --hash=sha256:5c90e7fa02e8f5de0d10c17595c568ada48c5302e749462c0ea1a4c362111a86 \
    --hash=sha256:5ce8943f79c2210f7abcc28e86367b03b28d95027fd01c46d2472373ae70c86f \
    --hash=sha256:617f59cde379b4f648a09797b7f683d04b90a46344cddab85639da5aff0f5531 \
    --hash=sha256:6307a0da524939decb8ca4a3933b8ab62525794411d6984fca6726e732804af6 \
    --hash=sha256:684fd492fff4fead00587544e059be2bbcb6f93454f21fa2a91b66fc7508be82 \
    --hash=sha256:6b5b393eda5ea42cca1c1a6665f2a4882b4fd5d1777e41ce0545a107fb008c9d \
    --hash=sha256:6b723eb406dec5bc9ec516c73ab9c3239a3284e017f7eb89ee2b3258bd504fb7 \
    --hash=sha256:6b9bf3135b4ad5981df9a73d71a35272d650a2985ae9c2746357b24d59de2448 \
    --hash=sha256:6beb738155fe8ab8091afdfa5a3226b21c2b1593f1e50ebb90eb25b44dbc0391 \
    --hash=sha256:6c0dbbcc19735fe5f8b0a54c07659d154a9e69f47e15d0a6ab7299215daf62cb \
    --hash=sha256:6cdc537c8633d7fd92a82e2e0d2ab74320a3f63d5e59fb9cf08711e08fe151c4 \
    --hash=sha256:6eae33003518fd4cb4f83a218d5371469dd3001aa3b87128c005b07762f7fe5e \
    --hash=sha256:740d0a99cf9de0b17a3943388e9294a59becf75e7c43421f387bd3c7a9901f7c \
    --hash=sha256:75c38c50ab9aca840225d9a9a3810bf11d04bd5c1f186cabbb8aee56db3e9b15 \
    --hash=sha256:761fdae6728ceb99ab182fad2f0cc1e262f610834dc891aea1d1a2a2e634776f \
    --hash=sha256:7664419f27db41d4f1c43a78dccda7dd6e8ef2428df3ee01d0c2a07a6b071297 \
    --hash=sha256:76d3af9732d2dab69f28179b40ba2d87e2f1d5824b4a694780aa787d685e8f36 \
    --hash=sha256:78326f4cb4427a56ba4996c0762b63be45f06b85f086526420d2b3a66e40f84d \
    --hash=sha256:7868b85224291c6cb6759f9b5adb9745f486d226f62b16a614dd5a2a5ab2b35b \
    --hash=sha256:815d26356930846a40c7bc1366e7b1b0320ab8a063e66c11298a208bed0fd237 \
    --hash=sha256:8171b44a054e5c67fd748ada04187f1250bf35b95f85e52ab64bcf3331a923bb \
    --hash=sha256:821b2755db9194409254012f429c56643416fb96ef9be090be82ec8826b7f477 \
    --hash=sha256:837c6b305e26fe0f75b15c92cf3b2ba29e0ae19dc40b1c557b026cb426347d0c \
    --hash=sha256:839dde845559254f34885267c6878f60d61d5205180226d976fe488d45fa128e \
    --hash=sha256:84a6ecc0c940169190d2c23bd969debd48c94dbc855acd60188a68d71d421608 \
    --hash=sha256:8601470267d938bcb7f3ab1a336100af51a4fd5b6ed030ef52461bb3ef5e7e07 \
    --hash=sha256:88b5268892fde430d5531f95bc560b6efbbd67c929662c586afd729a96e7461c \
    --hash=sha256:8aa5dda18d39b6143eb24809d158f9252c88f402749b6f1b62a506cc7d96cc35 \
    --hash=sha256:926bdd3e3b5998ddf70cc64bc8cf57209571f9044542913afb673799fec77dd0 \
    --hash=sha256:96beca19ec79de272e8668585380ff9092c47077c1d7a1e098e00bbd921f4785 \
    --hash=sha256:9a0460d43603d1fd9ef59c30278531e15d78581721ddb538fa560aa7817ea4ad \
    --hash=sha256:a03d57b86d2a51d0a66c92177e2be154ad015f357791d306e714569999cdb4cc \
    --hash=sha256:a36b70596407634ca82d4b989a3729074a008537a0522e4c8046a67c729103e9 \
    --hash=sha256:a3a52a3ba86436ab3aef510fbe21512abc2ddd1993005dfe50514bd2284ef025 \
    --hash=sha256:a3dbc5ed9514908d5046107d7b1346bde71eea61de6e0e4919c19354f97e769f \
    --hash=sha256:a431156bb41865fc14cd5d79bb9d7bbed83110b0159e34e62ae30951f96c0009 \
    --hash=sha256:a575404ebc9cf2e91edd32eaf570ec1430eb900d4f56724ba7dd4bc1fc9c176d \
    --hash=sha256:a5cf77eb04f20b720be95265a3e00eb2a14814074255cc27069c551b2db53118 \
    --hash=sha256:a8763f20692da7df39b0afdd1ba3042b004c50a45994f76c2d9a25641f7673db \
    --hash=sha256:ab4b2fda7c2b542f7f9d886cc6a838c5079d2b76f72e6081411faba11adde2c9 \
    --hash=sha256:addeda51556dac7c1a2f14cda62db8b621cd12afba3091d03a96c72932387eab \
    --hash=sha256:b242c27c8f836305a4a72df9cdd564386ac57b807bd252a063223331c9316b37 \
    --hash=sha256:b4f062343e7ad3fa94f2c66e5ae667dee47ee74dd41a9057c4fbe163236a123d \
    --hash=sha256:b5b8b0753718d258fd454283fbd57e14545d3b40583fa672e27cb4f987626bcc \
    --hash=sha256:be3e47e2d91aa3942ff9bf4077a505226005abfc39b6f7554a91c1b9393986b9 \
    --hash=sha256:befc2d6a953e563f8a7bfd87a42c22ebf8a3e980dcb7b6a4d17b70b0e914e8a3 \
    --hash=sha256:bf35d0568abda97233239ce32896d3ad53fccc537832c104e30c94aa5fb93569 \
    --hash=sha256:c933c6678c6f116ff8af47a4c6db0868b8ace74af0343016c0ef00f00272ea69 \
    --hash=sha256:c9d1aca01f49170fdcf5c92761b1fafe97f554b721ca4570c5949fff778f0d4b \
    --hash=sha256:cdeaa99ce822dca76cfb1b993e9120c5ea212f2eb66d48950ad63c349668a018 \
    --hash=sha256:ce4d4f52e2a4324396caddbd45a97d8d7be5f42edd25d2355282a9c34f9b2f7f \
    --hash=sha256:d1028417bb44037eb3069c1009bd7b7277212876cda22fbe565b0bca9fab6d2c \
    --hash=sha256:d151e148117294133bf8af7eeace085e7e87432db15ab6adf640330298a47f6f \
    --hash=sha256:d7841166b7fa64c9c56404617ae4341448847482d45933b13135d26c130519e5 \
    --hash=sha256:d7fca4eb6df565e2a928f1c7dad92d27db8f9df0f449e76423ed5d7e713ed445 \
    --hash=sha256:d95a354e02393eada6d7351184671aced9d4cce109dabf927cb7aa99624352a1 \
    --hash=sha256:d9edf30457d74eebfd76b045535e36f1cd89062566a128a0db2145ca042d787e \
    --hash=sha256:dbc2673f9223d420c91145599b3ba45a8a50c207d1976908e5fb5ddb0c9b9429 \
    --hash=sha256:e01b3c878c8641913e688edd1b3f08658c6783d29cf6b826bd3c0d1ae7a1ffaa \
    --hash=sha256:e21c1429e205828ea886a2293a4a2c8e01f4c25d9893ca330e97a6cf73f52e7b \
    --hash=sha256:e43d4a1f673e8a1cbd8533e809e02b4bf9d4f2280269bb640436556312121250 \
    --hash=sha256:e6d198bad4e49dd6732fbd636e2fc5c082f45c8cad0b4acb756b00c82c76072e \
    --hash=sha256:e6ea1cda8d8c688278430e4268a42f5e5da3bdd74578dfadc0820c3f1766ce83 \
    --hash=sha256:ea394a937f17a54c51239348bdbe2e3518124c8d4a8951ba04a311d3095bd18f \
    --hash=sha256:eac2f5dbafd585dfe31f86a23ebf0d3ba480a9d49ebc87947267b5608d4ea0cd \
    --hash=sha256:eb61be926bb81567c1f48bdc8aa22b9855048dc2efd53871f9f7e6e9a5632346 \
    --hash=sha256:eba5d173f7d5708b22a93815017a4611873ed54db9f268077c0dd1ed99cfc858 \
    --hash=sha256:ec450527cbf485e13c8d3602a54f428ab0432fdade0ede75efd74b735421c871 \
    --hash=sha256:eef6a03b0b6d08d0835ccfa8ec8d1bc70525e3801387567137b50c557695e6da \
    --hash=sha256:ef0d8c843e2827d6c120ab4687e9423fb1d893db1df27b7c1506615bcb9734a0 \
    --hash=sha256:ef6b65b03247c54692ad4fd9ee97cb772781927db72e3cb05e70b3db6d1ff14f \
    --hash=sha256:f3d6ed6a98cfd19155996605474982cc470d7601746a6439078f1a5a3fa8b050 \
    --hash=sha256:fce4b85234a0cbad67bf8e6e1201ee815d172c9aebad75f25645bc4d834f8e31 \
    --hash=sha256:fda1d96e542c37b6c804547dbf489c129fe7c97183a76a5ec275909ba1a063df \
    --hash=sha256:fdcd198979b4ecffcc1beba366a7fbcf4eb41243691a82fe52ceb0b902f09c12 \
    --hash=sha256:fe5ad0664ec772b02c45859041aa17655709cced7a31005817fbbbd988c25567
six==1.17.0 \
    --hash=sha256:4721f391ed90541fddacab5acf947aa0d3dc7d27b2e1e8eda2be8970586c3274 \
    --hash=sha256:ff70335d468e7eb6ec65b95b99d3a2836546063f63acc5171de367e834932a81
typing-extensions==4.16.0 \
    --hash=sha256:481caa481374e813c1b176ada14e97f1f67a4539ce9cfeb3f350d78d6370c2e8 \
    --hash=sha256:dc983d19a509c94dba722ee6abd33940f7c05a89e243c47e907eb4db6f1a43e5
tzdata==2026.5 \
    --hash=sha256:8cc73c0a0bfca7dbfa59235d60b2eff82231dee33f53d206db1acd9173cfc0a7 \
    --hash=sha256:b683bd1b6659ddcd810ff02ad09ba821d4bf1065072805063eb35c49617905ac
uri-template==1.3.0 \
    --hash=sha256:0e00f8eb65e18c7de20d595a14336e9f337ead580c70934141624b6d1ffdacc7 \
    --hash=sha256:a44a133ea12d44a0c0f06d7d42a52d71282e77e2f937d8abd5655b8d56fc1363
webcolors==25.10.0 \
    --hash=sha256:032c727334856fc0b968f63daa252a1ac93d33db2f5267756623c210e57a4f1d \
    --hash=sha256:62abae86504f66d0f6364c2a8520de4a0c47b80c03fc3a5f1815fedbef7c19bf
zstandard==0.25.0 \
    --hash=sha256:011d388c76b11a0c165374ce660ce2c8efa8e5d87f34996aa80f9c0816698b64 \
    --hash=sha256:01582723b3ccd6939ab7b3a78622c573799d5d8737b534b86d0e06ac18dbde4a \
    --hash=sha256:05353cef599a7b0b98baca9b068dd36810c3ef0f42bf282583f438caf6ddcee3 \
    --hash=sha256:05df5136bc5a011f33cd25bc9f506e7426c0c9b3f9954f056831ce68f3b6689f \
    --hash=sha256:06acb75eebeedb77b69048031282737717a63e71e4ae3f77cc0c3b9508320df6 \
    --hash=sha256:07b527a69c1e1c8b5ab1ab14e2afe0675614a09182213f21a0717b62027b5936 \
    --hash=sha256:0bbc9a0c65ce0eea3c34a691e3c4b6889f5f3909ba4822ab385fab9057099431 \
    --hash=sha256:0be7622c37c183406f3dbf0cba104118eb16a4ea7359eeb5752f0794882fc250 \
    --hash=sha256:106281ae350e494f4ac8a80470e66d1fe27e497052c8d9c3b95dc4cf1ade81aa \
    --hash=sha256:10ef2a79ab8e2974e2075fb984e5b9806c64134810fac21576f0668e7ea19f8f \
    --hash=sha256:1673b7199bbe763365b81a4f3252b8e80f44c9e323fc42940dc8843bfeaf9851 \
    --hash=sha256:172de1f06947577d3a3005416977cce6168f2261284c02080e7ad0185faeced3 \
    --hash=sha256:181eb40e0b6a29b3cd2849f825e0fa34397f649170673d385f3598ae17cca2e9 \
    --hash=sha256:1869da9571d5e94a85a5e8d57e4e8807b175c9e4a6294e3b66fa4efb074d90f6 \
    --hash=sha256:19796b39075201d51d5f5f790bf849221e58b48a39a5fc74837675d8bafc7362 \
    --hash=sha256:1cd5da4d8e8ee0e88be976c294db744773459d51bb32f707a0f166e5ad5c8649 \
    --hash=sha256:1f3689581a72eaba9131b1d9bdbfe520ccd169999219b41000ede2fca5c1bfdb \
    --hash=sha256:1f830a0dac88719af0ae43b8b2d6aef487d437036468ef3c2ea59c51f9d55fd5 \
    --hash=sha256:223415140608d0f0da010499eaa8ccdb9af210a543fac54bce15babbcfc78439 \
    --hash=sha256:22a06c5df3751bb7dc67406f5374734ccee8ed37fc5981bf1ad7041831fa1137 \
    --hash=sha256:22a086cff1b6ceca18a8dd6096ec631e430e93a8e70a9ca5efa7561a00f826fa \
    --hash=sha256:23ebc8f17a03133b4426bcc04aabd68f8236eb78c3760f12783385171b0fd8bd \
    --hash=sha256:25f8f3cd45087d089aef5ba3848cd9efe3ad41163d3400862fb42f81a3a46701 \
    --hash=sha256:2b6bd67528ee8b5c5f10255735abc21aa106931f0dbaf297c7be0c886353c3d0 \
    --hash=sha256:2e54296a283f3ab5a26fc9b8b5d4978ea0532f37b231644f367aa588930aa043 \
    --hash=sha256:3756b3e9da9b83da1796f8809dd57cb024f838b9eeafde28f3cb472012797ac1 \
    --hash=sha256:37daddd452c0ffb65da00620afb8e17abd4adaae6ce6310702841760c2c26860 \
    --hash=sha256:3a39c94ad7866160a4a46d772e43311a743c316942037671beb264e395bdd611 \
    --hash=sha256:3b870ce5a02d4b22286cf4944c628e0f0881b11b3f14667c1d62185a99e04f53 \
    --hash=sha256:3c83b0188c852a47cd13ef3bf9209fb0a77fa5374958b8c53aaa699398c6bd7b \
    --hash=sha256:4203ce3b31aec23012d3a4cf4a2ed64d12fea5269c49aed5e4c3611b938e4088 \
    --hash=sha256:457ed498fc58cdc12fc48f7950e02740d4f7ae9493dd4ab2168a47c93c31298e \
    --hash=sha256:474d2596a2dbc241a556e965fb76002c1ce655445e4e3bf38e5477d413165ffa \
    --hash=sha256:4b14abacf83dfb5c25eb4e4a79520de9e7e205f72c9ee7702f91233ae57d33a2 \
    --hash=sha256:4b6d83057e713ff235a12e73916b6d356e3084fd3d14ced499d84240f3eecee0 \
    --hash=sha256:4d441506e9b372386a5271c64125f72d5df6d2a8e8a2a45a0ae09b03cb781ef7 \
    --hash=sha256:4f187a0bb61b35119d1926aee039524d1f93aaf38a9916b8c4b78ac8514a0aaf \
    --hash=sha256:51526324f1b23229001eb3735bc8c94f9c578b1bd9e867a0a646a3b17109f388 \
    --hash=sha256:53e08b2445a6bc241261fea89d065536f00a581f02535f8122eba42db9375530 \
    --hash=sha256:53f94448fe5b10ee75d246497168e5825135d54325458c4bfffbaafabcc0a577 \
    --hash=sha256:5a56ba0db2d244117ed744dfa8f6f5b366e14148e00de44723413b2f3938a902 \
    --hash=sha256:5f1ad7bf88535edcf30038f6919abe087f606f62c00a87d7e33e7fc57cb69fcc \
    --hash=sha256:5f5e4c2a23ca271c218ac025bd7d635597048b366d6f31f420aaeb715239fc98 \
    --hash=sha256:6a573a35693e03cf1d67799fd01b50ff578515a8aeadd4595d2a7fa9f3ec002a \
    --hash=sha256:6c0e5a65158a7946e7a7affa6418878ef97ab66636f13353b8502d7ea03c8097 \
    --hash=sha256:6dffecc361d079bb48d7caef5d673c88c8988d3d33fb74ab95b7ee6da42652ea \
    --hash=sha256:7030defa83eef3e51ff26f0b7bfb229f0204b66fe18e04359ce3474ac33cbc09 \
    --hash=sha256:7149623bba7fdf7e7f24312953bcf73cae103db8cae49f8154dd1eadc8a29ecb \
    --hash=sha256:72d35d7aa0bba323965da807a462b0966c91608ef3a48ba761678cb20ce5d8b7 \
    --hash=sha256:75ffc32a569fb049499e63ce68c743155477610532da1eb38e7f24bf7cd29e74 \
    --hash=sha256:7713e1179d162cf5c7906da876ec2ccb9c3a9dcbdffef0cc7f70c3667a205f0b \
    --hash=sha256:78228d8a6a1c177a96b94f7e2e8d012c55f9c760761980da16ae7546a15a8e9b \
    --hash=sha256:7b3c3a3ab9daa3eed242d6ecceead93aebbb8f5f84318d82cee643e019c4b73b \
    --hash=sha256:809c5bcb2c67cd0ed81e9229d227d4ca28f82d0f778fc5fea624a9def3963f91 \
    --hash=sha256:81dad8d145d8fd981b2962b686b2241d3a1ea07733e76a2f15435dfb7fb60150 \
    --hash=sha256:85304a43f4d513f5464ceb938aa02c1e78c2943b29f44a750b48b25ac999a049 \
    --hash=sha256:89c4b48479a43f820b749df49cd7ba2dbc2b1b78560ecb5ab52985574fd40b27 \
    --hash=sha256:8e735494da3db08694d26480f1493ad2cf86e99bdd53e8e9771b2752a5c0246a \
    --hash=sha256:913cbd31a400febff93b564a23e17c3ed2d56c064006f54efec210d586171c00 \
    --hash=sha256:9174f4ed06f790a6869b41cba05b43eeb9a35f8993c4422ab853b705e8112bbd \
    --hash=sha256:9300d02ea7c6506f00e627e287e0492a5eb0371ec1670ae852fefffa6164b072 \
    --hash=sha256:933b65d7680ea337180733cf9e87293cc5500cc0eb3fc8769f4d3c88d724ec5c \
    --hash=sha256:9654dbc012d8b06fc3d19cc825af3f7bf8ae242226df5f83936cb39f5fdc846c \
    --hash=sha256:98750a309eb2f020da61e727de7d7ba3c57c97cf6213f6f6277bb7fb42a8e065 \
    --hash=sha256:99c0c846e6e61718715a3c9437ccc625de26593fea60189567f0118dc9db7512 \
    --hash=sha256:a1a4ae2dec3993a32247995bdfe367fc3266da832d82f8438c8570f989753de1 \
    --hash=sha256:a3f79487c687b1fc69f19e487cd949bf3aae653d181dfb5fde3bf6d18894706f \
    --hash=sha256:a4089a10e598eae6393756b036e0f419e8c1d60f44a831520f9af41c14216cf2 \
    --hash=sha256:a51ff14f8017338e2f2e5dab738ce1ec3b5a851f23b18c1ae1359b1eecbee6df \
    --hash=sha256:a5a419712cf88862a45a23def0ae063686db3d324cec7edbe40509d1a79a0aab \
    --hash=sha256:a9ec8c642d1ec73287ae3e726792dd86c96f5681eb8df274a757bf62b750eae7 \
    --hash=sha256:aaf21ba8fb76d102b696781bddaa0954b782536446083ae3fdaa6f16b25a1c4b \
    --hash=sha256:ab85470ab54c2cb96e176f40342d9ed41e58ca5733be6a893b730e7af9c40550 \
    --hash=sha256:b9af1fe743828123e12b41dd8091eca1074d0c1569cc42e6e1eee98027f2bbd0 \
    --hash=sha256:bfc4e20784722098822e3eee42b8e576b379ed72cca4a7cb856ae733e62192ea \
    --hash=sha256:bfd06b1c5584b657a2892a6014c2f4c20e0db0208c159148fa78c65f7e0b0277 \
    --hash=sha256:c19bcdd826e95671065f8692b5a4aa95c52dc7a02a4c5a0cac46deb879a017a2 \
    --hash=sha256:c2ba942c94e0691467ab901fc51b6f2085ff48f2eea77b1a48240f011e8247c7 \
    --hash=sha256:c8e167d5adf59476fa3e37bee730890e389410c354771a62e3c076c86f9f7778 \
    --hash=sha256:ca54090275939dc8ec5dea2d2afb400e0f83444b2fc24e07df7fdef677110859 \
    --hash=sha256:d7541afd73985c630bafcd6338d2518ae96060075f9463d7dc14cfb33514383d \
    --hash=sha256:d8c56bb4e6c795fc77d74d8e8b80846e1fb8292fc0b5060cd8131d522974b751 \
    --hash=sha256:da469dc041701583e34de852d8634703550348d5822e66a0c827d39b05365b12 \
    --hash=sha256:daab68faadb847063d0c56f361a289c4f268706b598afbf9ad113cbe5c38b6b2 \
    --hash=sha256:e05ab82ea7753354bb054b92e2f288afb750e6b439ff6ca78af52939ebbc476d \
    --hash=sha256:e09bb6252b6476d8d56100e8147b803befa9a12cea144bbe629dd508800d1ad0 \
    --hash=sha256:e29f0cf06974c899b2c188ef7f783607dbef36da4c242eb6c82dcd8b512855e3 \
    --hash=sha256:e59fdc271772f6686e01e1b3b74537259800f57e24280be3f29c8a0deb1904dd \
    --hash=sha256:e7360eae90809efd19b886e59a09dad07da4ca9ba096752e61a2e03c8aca188e \
    --hash=sha256:e96594a5537722fdfb79951672a2a63aec5ebfb823e7560586f7484819f2a08f \
    --hash=sha256:ea9d54cc3d8064260114a0bbf3479fc4a98b21dffc89b3459edd506b69262f6e \
    --hash=sha256:ec996f12524f88e151c339688c3897194821d7f03081ab35d31d1e12ec975e94 \
    --hash=sha256:f27662e4f7dbf9f9c12391cb37b4c4c3cb90ffbd3b1fb9284dadbbb8935fa708 \
    --hash=sha256:f373da2c1757bb7f1acaf09369cdc1d51d84131e50d5fa9863982fd626466313 \
    --hash=sha256:f5aeea11ded7320a84dcdd62a3d95b5186834224a9e55b92ccae35d21a8b63d4 \
    --hash=sha256:f604efd28f239cc21b3adb53eb061e2a205dc164be408e553b41ba2ffe0ca15c \
    --hash=sha256:f67e8f1a324a900e75b5e28ffb152bcac9fbed1cc7b43f99cd90f395c4375344 \
    --hash=sha256:fd7a5004eb1980d3cefe26b2685bcb0b17989901a70a1040d1ac86f1d898c551 \
    --hash=sha256:ffef5a74088f1e09947aecf91011136665152e0b4b359c42be3373897fb39b01
