# This file was autogenerated by uv via the following command:
#    uv pip compile docker/python/rknn-converter.in --python-version 3.12 --python-platform x86_64-unknown-linux-gnu --generate-hashes --output-file docker/python/rknn-converter.lock
fast-histogram==0.14 \
    --hash=sha256:01f26dd20166040c50b5381f0a76635d81d5db9cfaaed7ec30103edf71e88c3f \
    --hash=sha256:15876672df4831177344dfd0afbf5fd532c78f7bfca8bfabcb0f3d558f672e99 \
    --hash=sha256:1f2f1d4b091fa065fc1991dd10f06812cfba7549622bf63f7888ac1c8c7ed9bb \
    --hash=sha256:390973b98af22bda85c29dcf6f008ba0d626321e9bd3f5a9d7a43e5690ea69ea \
    --hash=sha256:8245d4de782304eb396581677b43ca0b9e35a0f120ecb207fb353c852c8001a8 \
    --hash=sha256:b425d93e4bf1b0cdc223b8fe91ca68aa53c314b8ec374027b9a215a41aa85658 \
    --hash=sha256:b96db6ed1db9d1ce09800e88833cc8c5e9565d44748f7bf623c0694e6cce1e2d \
    --hash=sha256:f1a263da3d832e8faa10c7228b23028ac4a406d2dd7cebbe89b2d8a9a6d58a0c \
    --hash=sha256:ff9b83b0d9d489e3a59ef3b18342db7cf75f76ae22c7d95ca143783c6cc307a6
    # via rknn-toolkit2
filelock==3.29.7 \
    --hash=sha256:5b481979797ae69e72f0b389d89a80bdd585c260c5b3f1fb9c0a5ba9bb3f195d \
    --hash=sha256:987db6f789a3a2a59f55081801b2b3697cb97e2a736b5f1a9e99b559285fbc51
    # via torch
flatbuffers==25.12.19 \
    --hash=sha256:7634f50c427838bb021c2d66a3d1168e9d199b0607e6329399f04846d42e20b4
    # via onnxruntime
fsspec==2026.6.0 \
    --hash=sha256:02e0b71817df9b2169dc30a16832045764def1191b43dcff5bb85bdee212d2a1 \
    --hash=sha256:f5bac145310fe30e16e1471bd6840b2d990d609e872251d7e674241822abf01a
    # via torch
jinja2==3.1.6 \
    --hash=sha256:0137fb05990d35f1275a587e9aee6d56da821fc83491a0fb838183be43f66d6d \
    --hash=sha256:85ece4451f492d0c13c5dd7c13a64681a86afae63a5f347908daf103ce6d2f67
    # via torch
markupsafe==3.0.3 \
    --hash=sha256:0303439a41979d9e74d18ff5e2dd8c43ed6c6001fd40e5bf2e43f7bd9bbc523f \
    --hash=sha256:068f375c472b3e7acbe2d5318dea141359e6900156b5b2ba06a30b169086b91a \
    --hash=sha256:0bf2a864d67e76e5c9a34dc26ec616a66b9888e25e7b9460e1c76d3293bd9dbf \
    --hash=sha256:0db14f5dafddbb6d9208827849fad01f1a2609380add406671a26386cdf15a19 \
    --hash=sha256:0eb9ff8191e8498cca014656ae6b8d61f39da5f95b488805da4bb029cccbfbaf \
    --hash=sha256:0f4b68347f8c5eab4a13419215bdfd7f8c9b19f2b25520968adfad23eb0ce60c \
    --hash=sha256:1085e7fbddd3be5f89cc898938f42c0b3c711fdcb37d75221de2666af647c175 \
    --hash=sha256:116bb52f642a37c115f517494ea5feb03889e04df47eeff5b130b1808ce7c219 \
    --hash=sha256:12c63dfb4a98206f045aa9563db46507995f7ef6d83b2f68eda65c307c6829eb \
    --hash=sha256:133a43e73a802c5562be9bbcd03d090aa5a1fe899db609c29e8c8d815c5f6de6 \
    --hash=sha256:1353ef0c1b138e1907ae78e2f6c63ff67501122006b0f9abad68fda5f4ffc6ab \
    --hash=sha256:15d939a21d546304880945ca1ecb8a039db6b4dc49b2c5a400387cdae6a62e26 \
    --hash=sha256:177b5253b2834fe3678cb4a5f0059808258584c559193998be2601324fdeafb1 \
    --hash=sha256:1872df69a4de6aead3491198eaf13810b565bdbeec3ae2dc8780f14458ec73ce \
    --hash=sha256:1b4b79e8ebf6b55351f0d91fe80f893b4743f104bff22e90697db1590e47a218 \
    --hash=sha256:1b52b4fb9df4eb9ae465f8d0c228a00624de2334f216f178a995ccdcf82c4634 \
    --hash=sha256:1ba88449deb3de88bd40044603fafffb7bc2b055d626a330323a9ed736661695 \
    --hash=sha256:1cc7ea17a6824959616c525620e387f6dd30fec8cb44f649e31712db02123dad \
    --hash=sha256:218551f6df4868a8d527e3062d0fb968682fe92054e89978594c28e642c43a73 \
    --hash=sha256:26a5784ded40c9e318cfc2bdb30fe164bdb8665ded9cd64d500a34fb42067b1c \
    --hash=sha256:2713baf880df847f2bece4230d4d094280f4e67b1e813eec43b4c0e144a34ffe \
    --hash=sha256:2a15a08b17dd94c53a1da0438822d70ebcd13f8c3a95abe3a9ef9f11a94830aa \
    --hash=sha256:2f981d352f04553a7171b8e44369f2af4055f888dfb147d55e42d29e29e74559 \
    --hash=sha256:32001d6a8fc98c8cb5c947787c5d08b0a50663d139f1305bac5885d98d9b40fa \
    --hash=sha256:3524b778fe5cfb3452a09d31e7b5adefeea8c5be1d43c4f810ba09f2ceb29d37 \
    --hash=sha256:3537e01efc9d4dccdf77221fb1cb3b8e1a38d5428920e0657ce299b20324d758 \
    --hash=sha256:35add3b638a5d900e807944a078b51922212fb3dedb01633a8defc4b01a3c85f \
    --hash=sha256:38664109c14ffc9e7437e86b4dceb442b0096dfe3541d7864d9cbe1da4cf36c8 \
    --hash=sha256:3a7e8ae81ae39e62a41ec302f972ba6ae23a5c5396c8e60113e9066ef893da0d \
    --hash=sha256:3b562dd9e9ea93f13d53989d23a7e775fdfd1066c33494ff43f5418bc8c58a5c \
    --hash=sha256:457a69a9577064c05a97c41f4e65148652db078a3a509039e64d3467b9e7ef97 \
    --hash=sha256:4bd4cd07944443f5a265608cc6aab442e4f74dff8088b0dfc8238647b8f6ae9a \
    --hash=sha256:4e885a3d1efa2eadc93c894a21770e4bc67899e3543680313b09f139e149ab19 \
    --hash=sha256:4faffd047e07c38848ce017e8725090413cd80cbc23d86e55c587bf979e579c9 \
    --hash=sha256:509fa21c6deb7a7a273d629cf5ec029bc209d1a51178615ddf718f5918992ab9 \
    --hash=sha256:5678211cb9333a6468fb8d8be0305520aa073f50d17f089b5b4b477ea6e67fdc \
    --hash=sha256:591ae9f2a647529ca990bc681daebdd52c8791ff06c2bfa05b65163e28102ef2 \
    --hash=sha256:5a7d5dc5140555cf21a6fefbdbf8723f06fcd2f63ef108f2854de715e4422cb4 \
    --hash=sha256:69c0b73548bc525c8cb9a251cddf1931d1db4d2258e9599c28c07ef3580ef354 \
    --hash=sha256:6b5420a1d9450023228968e7e6a9ce57f65d148ab56d2313fcd589eee96a7a50 \
    --hash=sha256:722695808f4b6457b320fdc131280796bdceb04ab50fe1795cd540799ebe1698 \
    --hash=sha256:729586769a26dbceff69f7a7dbbf59ab6572b99d94576a5592625d5b411576b9 \
    --hash=sha256:77f0643abe7495da77fb436f50f8dab76dbc6e5fd25d39589a0f1fe6548bfa2b \
    --hash=sha256:795e7751525cae078558e679d646ae45574b47ed6e7771863fcc079a6171a0fc \
    --hash=sha256:7be7b61bb172e1ed687f1754f8e7484f1c8019780f6f6b0786e76bb01c2ae115 \
    --hash=sha256:7c3fb7d25180895632e5d3148dbdc29ea38ccb7fd210aa27acbd1201a1902c6e \
    --hash=sha256:7e68f88e5b8799aa49c85cd116c932a1ac15caaa3f5db09087854d218359e485 \
    --hash=sha256:83891d0e9fb81a825d9a6d61e3f07550ca70a076484292a70fde82c4b807286f \
    --hash=sha256:8485f406a96febb5140bfeca44a73e3ce5116b2501ac54fe953e488fb1d03b12 \
    --hash=sha256:8709b08f4a89aa7586de0aadc8da56180242ee0ada3999749b183aa23df95025 \
    --hash=sha256:8f71bc33915be5186016f675cd83a1e08523649b0e33efdb898db577ef5bb009 \
    --hash=sha256:915c04ba3851909ce68ccc2b8e2cd691618c4dc4c4232fb7982bca3f41fd8c3d \
    --hash=sha256:949b8d66bc381ee8b007cd945914c721d9aba8e27f71959d750a46f7c282b20b \
    --hash=sha256:94c6f0bb423f739146aec64595853541634bde58b2135f27f61c1ffd1cd4d16a \
    --hash=sha256:9a1abfdc021a164803f4d485104931fb8f8c1efd55bc6b748d2f5774e78b62c5 \
    --hash=sha256:9b79b7a16f7fedff2495d684f2b59b0457c3b493778c9eed31111be64d58279f \
    --hash=sha256:a320721ab5a1aba0a233739394eb907f8c8da5c98c9181d1161e77a0c8e36f2d \
    --hash=sha256:a4afe79fb3de0b7097d81da19090f4df4f8d3a2b3adaa8764138aac2e44f3af1 \
    --hash=sha256:ad2cf8aa28b8c020ab2fc8287b0f823d0a7d8630784c31e9ee5edea20f406287 \
    --hash=sha256:b8512a91625c9b3da6f127803b166b629725e68af71f8184ae7e7d54686a56d6 \
    --hash=sha256:bc51efed119bc9cfdf792cdeaa4d67e8f6fcccab66ed4bfdd6bde3e59bfcbb2f \
    --hash=sha256:bdc919ead48f234740ad807933cdf545180bfbe9342c2bb451556db2ed958581 \
    --hash=sha256:bdd37121970bfd8be76c5fb069c7751683bdf373db1ed6c010162b2a130248ed \
    --hash=sha256:be8813b57049a7dc738189df53d69395eba14fb99345e0a5994914a3864c8a4b \
    --hash=sha256:c0c0b3ade1c0b13b936d7970b1d37a57acde9199dc2aecc4c336773e1d86049c \
    --hash=sha256:c47a551199eb8eb2121d4f0f15ae0f923d31350ab9280078d1e5f12b249e0026 \
    --hash=sha256:c4ffb7ebf07cfe8931028e3e4c85f0357459a3f9f9490886198848f4fa002ec8 \
    --hash=sha256:ccfcd093f13f0f0b7fdd0f198b90053bf7b2f02a3927a30e63f3ccc9df56b676 \
    --hash=sha256:d2ee202e79d8ed691ceebae8e0486bd9a2cd4794cec4824e1c99b6f5009502f6 \
    --hash=sha256:d53197da72cc091b024dd97249dfc7794d6a56530370992a5e1a08983ad9230e \
    --hash=sha256:d6dd0be5b5b189d31db7cda48b91d7e0a9795f31430b7f271219ab30f1d3ac9d \
    --hash=sha256:d88b440e37a16e651bda4c7c2b930eb586fd15ca7406cb39e211fcff3bf3017d \
    --hash=sha256:de8a88e63464af587c950061a5e6a67d3632e36df62b986892331d4620a35c01 \
    --hash=sha256:df2449253ef108a379b8b5d6b43f4b1a8e81a061d6537becd5582fba5f9196d7 \
    --hash=sha256:e1c1493fb6e50ab01d20a22826e57520f1284df32f2d8601fdd90b6304601419 \
    --hash=sha256:e1cf1972137e83c5d4c136c43ced9ac51d0e124706ee1c8aa8532c1287fa8795 \
    --hash=sha256:e2103a929dfa2fcaf9bb4e7c091983a49c9ac3b19c9061b6d5427dd7d14d81a1 \
    --hash=sha256:e56b7d45a839a697b5eb268c82a71bd8c7f6c94d6fd50c3d577fa39a9f1409f5 \
    --hash=sha256:e8afc3f2ccfa24215f8cb28dcf43f0113ac3c37c2f0f0806d8c70e4228c5cf4d \
    --hash=sha256:e8fc20152abba6b83724d7ff268c249fa196d8259ff481f3b1476383f8f24e42 \
    --hash=sha256:eaa9599de571d72e2daf60164784109f19978b327a3910d3e9de8c97b5b70cfe \
    --hash=sha256:ec15a59cf5af7be74194f7ab02d0f59a62bdcf1a537677ce67a2537c9b87fcda \
    --hash=sha256:f190daf01f13c72eac4efd5c430a8de82489d9cff23c364c3ea822545032993e \
    --hash=sha256:f34c41761022dd093b4b6896d4810782ffbabe30f2d443ff5f083e0cbbb8c737 \
    --hash=sha256:f3e98bb3798ead92273dc0e5fd0f31ade220f59a266ffd8a4f6065e0a3ce0523 \
    --hash=sha256:f42d0984e947b8adf7dd6dde396e720934d12c506ce84eea8476409563607591 \
    --hash=sha256:f71a396b3bf33ecaa1626c255855702aca4d3d9fea5e051b41ac59a9c1c41edc \
    --hash=sha256:f9e130248f4462aaa8e2552d547f36ddadbeaa573879158d721bbd33dfe4743a \
    --hash=sha256:fed51ac40f757d41b7c48425901843666a6677e3e8eb0abcff09e4ba6e664f50
    # via jinja2
mpmath==1.3.0 \
    --hash=sha256:7a28eb2a9774d00c7bc92411c19a89209d5da7c4c9a9e227be8330a23a25b91f \
    --hash=sha256:a0b2b9fe80bbcd81a6647ff13108738cfb482d481d826cc0e02f5b35e5c88d2c
    # via sympy
networkx==3.6.1 \
    --hash=sha256:26b7c357accc0c8cde558ad486283728b65b6a95d85ee1cd66bafab4c8168509 \
    --hash=sha256:d47fbf302e7d9cbbb9e2555a0d267983d2aa476bac30e90dfbe5669bd57f3762
    # via torch
numpy==1.26.4 \
    --hash=sha256:03a8c78d01d9781b28a6989f6fa1bb2c4f2d51201cf99d3dd875df6fbd96b23b \
    --hash=sha256:08beddf13648eb95f8d867350f6a018a4be2e5ad54c8d8caed89ebca558b2818 \
    --hash=sha256:1af303d6b2210eb850fcf03064d364652b7120803a0b872f5211f5234b399f20 \
    --hash=sha256:1dda2e7b4ec9dd512f84935c5f126c8bd8b9f2fc001e9f54af255e8c5f16b0e0 \
    --hash=sha256:2a02aba9ed12e4ac4eb3ea9421c420301a0c6460d9830d74a9df87efa4912010 \
    --hash=sha256:2e4ee3380d6de9c9ec04745830fd9e2eccb3e6cf790d39d7b98ffd19b0dd754a \
    --hash=sha256:3373d5d70a5fe74a2c1bb6d2cfd9609ecf686d47a2d7b1d37a8f3b6bf6003aea \
    --hash=sha256:47711010ad8555514b434df65f7d7b076bb8261df1ca9bb78f53d3b2db02e95c \
    --hash=sha256:4c66707fabe114439db9068ee468c26bbdf909cac0fb58686a42a24de1760c71 \
    --hash=sha256:50193e430acfc1346175fcbdaa28ffec49947a06918b7b92130744e81e640110 \
    --hash=sha256:52b8b60467cd7dd1e9ed082188b4e6bb35aa5cdd01777621a1658910745b90be \
    --hash=sha256:60dedbb91afcbfdc9bc0b1f3f402804070deed7392c23eb7a7f07fa857868e8a \
    --hash=sha256:62b8e4b1e28009ef2846b4c7852046736bab361f7aeadeb6a5b89ebec3c7055a \
    --hash=sha256:666dbfb6ec68962c033a450943ded891bed2d54e6755e35e5835d63f4f6931d5 \
    --hash=sha256:675d61ffbfa78604709862923189bad94014bef562cc35cf61d3a07bba02a7ed \
    --hash=sha256:679b0076f67ecc0138fd2ede3a8fd196dddc2ad3254069bcb9faf9a79b1cebcd \
    --hash=sha256:7349ab0fa0c429c82442a27a9673fc802ffdb7c7775fad780226cb234965e53c \
    --hash=sha256:7ab55401287bfec946ced39700c053796e7cc0e3acbef09993a9ad2adba6ca6e \
    --hash=sha256:7e50d0a0cc3189f9cb0aeb3a6a6af18c16f59f004b866cd2be1c14b36134a4a0 \
    --hash=sha256:95a7476c59002f2f6c590b9b7b998306fba6a5aa646b1e22ddfeaf8f78c3a29c \
    --hash=sha256:96ff0b2ad353d8f990b63294c8986f1ec3cb19d749234014f4e7eb0112ceba5a \
    --hash=sha256:9fad7dcb1aac3c7f0584a5a8133e3a43eeb2fe127f47e3632d43d677c66c102b \
    --hash=sha256:9ff0f4f29c51e2803569d7a51c2304de5554655a60c5d776e35b4a41413830d0 \
    --hash=sha256:a354325ee03388678242a4d7ebcd08b5c727033fcff3b2f536aea978e15ee9e6 \
    --hash=sha256:a4abb4f9001ad2858e7ac189089c42178fcce737e4169dc61321660f1a96c7d2 \
    --hash=sha256:ab47dbe5cc8210f55aa58e4805fe224dac469cde56b9f731a4c098b91917159a \
    --hash=sha256:afedb719a9dcfc7eaf2287b839d8198e06dcd4cb5d276a3df279231138e83d30 \
    --hash=sha256:b3ce300f3644fb06443ee2222c2201dd3a89ea6040541412b8fa189341847218 \
    --hash=sha256:b97fe8060236edf3662adfc2c633f56a08ae30560c56310562cb4f95500022d5 \
    --hash=sha256:bfe25acf8b437eb2a8b2d49d443800a5f18508cd811fea3181723922a8a82b07 \
    --hash=sha256:cd25bcecc4974d09257ffcd1f098ee778f7834c3ad767fe5db785be9a4aa9cb2 \
    --hash=sha256:d209d8969599b27ad20994c8e41936ee0964e6da07478d6c35016bc386b66ad4 \
    --hash=sha256:d5241e0a80d808d70546c697135da2c613f30e28251ff8307eb72ba696945764 \
    --hash=sha256:edd8b5fe47dab091176d21bb6de568acdd906d1887a4584a15a9a96a1dca06ef \
    --hash=sha256:f870204a840a60da0b12273ef34f7051e98c3b5961b61b0c2c1be6dfd64fbcd3 \
    --hash=sha256:ffa75af20b44f8dba823498024771d5ac50620e6915abac414251bd971b4529f
    # via
    #   -r docker/python/rknn-converter.in
    #   fast-histogram
    #   onnx
    #   onnxruntime
    #   opencv-python
    #   rknn-toolkit2
    #   scipy
onnx==1.18.0 \
    --hash=sha256:030d9f5f878c5f4c0ff70a4545b90d7812cd6bfe511de2f3e469d3669c8cff95 \
    --hash=sha256:102c04edc76b16e9dfeda5a64c1fccd7d3d2913b1544750c01d38f1ac3c04e05 \
    --hash=sha256:230b0fb615e5b798dc4a3718999ec1828360bc71274abd14f915135eab0255f1 \
    --hash=sha256:2bd5c0c55669b6d8f12e859cc27f3a631fe58730871b21f001527e1d56219e2a \
    --hash=sha256:2f4d37b0b5c96a873887652d1cbf3f3c70821b8c66302d84b0f0d89dd6e47653 \
    --hash=sha256:3c137eecf6bc618c2f9398bcc381474b55c817237992b169dfe728e169549e8f \
    --hash=sha256:3d8dbf9e996629131ba3aa1afd1d8239b660d1f830c6688dd7e03157cccd6b9c \
    --hash=sha256:4a3b50d94620e2c7c1404d1d59bc53e665883ae3fecbd856cc86da0639fd0fc3 \
    --hash=sha256:4c8c4bbda760c654e65eaffddb1a7de71ec02e60092d33f9000521f897c99be9 \
    --hash=sha256:521bac578448667cbb37c50bf05b53c301243ede8233029555239930996a625b \
    --hash=sha256:6acafb3823238bbe8f4340c7ac32fb218689442e074d797bee1c5c9a02fdae75 \
    --hash=sha256:6c093ffc593e07f7e33862824eab9225f86aa189c048dd43ffde207d7041a55f \
    --hash=sha256:6f91930c1a284135db0f891695a263fc876466bf2afbd2215834ac08f600cfca \
    --hash=sha256:73160799472e1a86083f786fecdf864cf43d55325492a9b5a1cfa64d8a523ecc \
    --hash=sha256:735e06d8d0cf250dc498f54038831401063c655a8d6e5975b2527a4e7d24be3e \
    --hash=sha256:7839bf2adb494e46ccf375a7936b5d9e241b63e1a84254f3eb2e2e184e3292c8 \
    --hash=sha256:8521544987d713941ee1e591520044d35e702f73dc87e91e6d4b15a064ae813d \
    --hash=sha256:911b37d724a5d97396f3c2ef9ea25361c55cbc9aa18d75b12a52b620b67145af \
    --hash=sha256:9235b3493951e11e75465d56f4cd97e3e9247f096160dd3466bfabe4cbc938bc \
    --hash=sha256:99afac90b4cdb1471432203c3c1f74e16549c526df27056d39f41a9a47cfb4af \
    --hash=sha256:a186b1518450e04dc3679da315a663a56429418e7ccfd947d721de9bd710b0ea \
    --hash=sha256:a3ff1735f99589be4f311eb586f2b949998614a82fb6261ae6af5a29879b9375 \
    --hash=sha256:a5810194f0f6be2e58c8d6dedc6119510df7a14280dd07ed5f0f0a85bd74816a \
    --hash=sha256:a69afd0baa372162948b52c13f3aa2730123381edf926d7ef3f68ca7cec6d0d0 \
    --hash=sha256:aa1b7483fac6cdec26922174fc4433f8f5c2f239b1133c5625063bb3b35957d0 \
    --hash=sha256:bfb1f271b1523b29f324bfd223f6a4cfbdc5a2f2f16e73563671932d33663365 \
    --hash=sha256:dc22abacfb0d3cd024d6ab784cb5eb5aca9c966a791e8e13b1a4ecb93ddb47d3 \
    --hash=sha256:e03071041efd82e0317b3c45433b2f28146385b80f26f82039bc68048ac1a7a0 \
    --hash=sha256:e189652dad6e70a0465035c55cc565c27aa38803dd4f4e74e4b952ee1c2de94b \
    --hash=sha256:e4da451bf1c5ae381f32d430004a89f0405bc57a8471b0bddb6325a5b334aa40 \
    --hash=sha256:ee159b41a3ae58d9c7341cf432fc74b96aaf50bd7bb1160029f657b40dc69715
    # via
    #   -r docker/python/rknn-converter.in
    #   rknn-toolkit2
onnxruntime==1.26.0 \
    --hash=sha256:01498e80ba8988428d08c2d51b1338f89e3de2a93e6ffe555f79c68f26a5c06b \
    --hash=sha256:05b028781b322ad74b57ce5b50aa5280bb1fe96ceec334628ade681e0b24c1ac \
    --hash=sha256:11a8df4dcfe9ad5ff0bd71a7571dbed019fabc7594676c89fe8b86ea029c246f \
    --hash=sha256:31d71a53490e46910877d0902b5ad99c69a5955e5c7ea6c82863519410e1ba7c \
    --hash=sha256:33a791f31432a3af1a96db5e54818b37aba5e5eefc2e6af5794c10a9118a9993 \
    --hash=sha256:35c7c7b0ac2e02001d28fab6c9fc24e9abc5e6faa35e6e19c63cecf1406ba89f \
    --hash=sha256:4eefd386a45202aefb7a5132b94f32df9d506c9edcc7faf2fc60d65183f4b183 \
    --hash=sha256:54a8053410fd31fd66469bd754fcfe8a4df9f7eb44756b4b5479bf50c842d948 \
    --hash=sha256:5e016edc15d3c19f36807e1c6b10be5b27807688c32720f91b5ae480a95215d0 \
    --hash=sha256:61bec80655efa460591c2bc655392d57d2650ce85533a6b9b3b7a790d7ea7916 \
    --hash=sha256:7ead61450d8405167c87dd3a31d8da1d576b490a57dab1aa8b82a7da6825f5aa \
    --hash=sha256:91f2bb870a4b9224eba0a6728c1fa7a9e552b8e59e1083c51fbbc3d013f2b5c0 \
    --hash=sha256:9b6dd70599005bd1bf29779f04a91978b92b5e719c11a20068a8f8e535f725b6 \
    --hash=sha256:a26374dc7fbcaae593601086b242120e13f2310558df0991da6dd8b8fac00414 \
    --hash=sha256:a6677545ff451e3539a02746d2f207d8c5baa4a0a818886bb9d6a6eb9511ee89 \
    --hash=sha256:bdbed8cf3b672b66acb032f33a253bc27f42bce6ece48ae3fab4fa483a5e96e0 \
    --hash=sha256:c07af6fc6d5557835f2b6ee7a96d8b3235d0c57a8e230efdedaee106a8a3cbc6 \
    --hash=sha256:ccce19c5f771b8268902f77d9fed9e88f9499465d6780808faa6611a789d33f0 \
    --hash=sha256:cd920e45b730e4a87833e2910d8ca375aaca9da6ccc09e24bce463b3356d637f \
    --hash=sha256:d7b6d258fb78fdfcf049795bcfaa74dcb90ae7baa277afd21e6fd28b83f2c496 \
    --hash=sha256:e6456718125fd777c673f3b78d4a9ab58d6adea641e9afae85ee6444f0e0e9a9 \
    --hash=sha256:e90c00732c4553618103149d93f688e8c3063017938f8983e21a71d9f3b6d22e \
    --hash=sha256:ee1109ef4ef27cad90e823399e61e03b3c6c7bfe0fb820b4baf3678c15be8b3c \
    --hash=sha256:f5fc48a91a046a6a5c9b147f83fb41d65d24d24923373b222cdd248f0f4f4aac
    # via rknn-toolkit2
opencv-python==4.11.0.86 \
    --hash=sha256:03d60ccae62304860d232272e4a4fda93c39d595780cb40b161b310244b736a4 \
    --hash=sha256:085ad9b77c18853ea66283e98affefe2de8cc4c1f43eda4c100cf9b2721142ec \
    --hash=sha256:1b92ae2c8852208817e6776ba1ea0d6b1e0a1b5431e971a2a0ddd2a8cc398202 \
    --hash=sha256:432f67c223f1dc2824f5e73cdfcd9db0efc8710647d4e813012195dc9122a52a \
    --hash=sha256:6b02611523803495003bd87362db3e1d2a0454a6a63025dc6658a9830570aa0d \
    --hash=sha256:810549cb2a4aedaa84ad9a1c92fbfdfc14090e2749cedf2c1589ad8359aa169b \
    --hash=sha256:9d05ef13d23fe97f575153558653e2d6e87103995d54e6a35db3f282fe1f9c66
    # via rknn-toolkit2
packaging==26.2 \
    --hash=sha256:5fc45236b9446107ff2415ce77c807cee2862cb6fac22b8a73826d0693b0980e \
    --hash=sha256:ff452ff5a3e828ce110190feff1178bb1f2ea2281fa2075aadb987c2fb221661
    # via onnxruntime
protobuf==4.25.4 \
    --hash=sha256:051e97ce9fa6067a4546e75cb14f90cf0232dcb3e3d508c448b8d0e4265b61c1 \
    --hash=sha256:0dc4a62cc4052a036ee2204d26fe4d835c62827c855c8a03f29fe6da146b380d \
    --hash=sha256:3319e073562e2515c6ddc643eb92ce20809f5d8f10fead3332f71c63be6a7040 \
    --hash=sha256:4c8a70fdcb995dcf6c8966cfa3a29101916f7225e9afe3ced4395359955d3835 \
    --hash=sha256:7e372cbbda66a63ebca18f8ffaa6948455dfecc4e9c1029312f6c2edcd86c4e1 \
    --hash=sha256:90bf6fd378494eb698805bbbe7afe6c5d12c8e17fca817a646cd6a1818c696ca \
    --hash=sha256:ac79a48d6b99dfed2729ccccee547b34a1d3d63289c71cef056653a846a2240f \
    --hash=sha256:ba3d8504116a921af46499471c63a85260c1a5fc23333154a427a310e015d26d \
    --hash=sha256:bfbebc1c8e4793cfd58589acfb8a1026be0003e852b9da7db5a4285bde996978 \
    --hash=sha256:db9fd45183e1a67722cafa5c1da3e85c6492a5383f127c86c4c4aa4845867dc4 \
    --hash=sha256:eecd41bfc0e4b1bd3fa7909ed93dd14dd5567b98c941d6c1ad08fdcab3d6884b
    # via
    #   onnx
    #   onnxruntime
    #   rknn-toolkit2
psutil==7.2.2 \
    --hash=sha256:0746f5f8d406af344fd547f1c8daa5f5c33dbc293bb8d6a16d80b4bb88f59372 \
    --hash=sha256:076a2d2f923fd4821644f5ba89f059523da90dc9014e85f8e45a5774ca5bc6f9 \
    --hash=sha256:11fe5a4f613759764e79c65cf11ebdf26e33d6dd34336f8a337aa2996d71c841 \
    --hash=sha256:1a571f2330c966c62aeda00dd24620425d4b0cc86881c89861fbc04549e5dc63 \
    --hash=sha256:1a7b04c10f32cc88ab39cbf606e117fd74721c831c98a27dc04578deb0c16979 \
    --hash=sha256:1fa4ecf83bcdf6e6c8f4449aff98eefb5d0604bf88cb883d7da3d8d2d909546a \
    --hash=sha256:2edccc433cbfa046b980b0df0171cd25bcaeb3a68fe9022db0979e7aa74a826b \
    --hash=sha256:7b6d09433a10592ce39b13d7be5a54fbac1d1228ed29abc880fb23df7cb694c9 \
    --hash=sha256:8c233660f575a5a89e6d4cb65d9f938126312bca76d8fe087b947b3a1aaac9ee \
    --hash=sha256:917e891983ca3c1887b4ef36447b1e0873e70c933afc831c6b6da078ba474312 \
    --hash=sha256:ab486563df44c17f5173621c7b198955bd6b613fb87c71c161f827d3fb149a9b \
    --hash=sha256:ae0aefdd8796a7737eccea863f80f81e468a1e4cf14d926bd9b6f5f2d5f90ca9 \
    --hash=sha256:b0726cecd84f9474419d67252add4ac0cd9811b04d61123054b9fb6f57df6e9e \
    --hash=sha256:b58fabe35e80b264a4e3bb23e6b96f9e45a3df7fb7eed419ac0e5947c61e47cc \
    --hash=sha256:c7663d4e37f13e884d13994247449e9f8f574bc4655d509c3b95e9ec9e2b9dc1 \
    --hash=sha256:e452c464a02e7dc7822a05d25db4cde564444a67e58539a00f929c51eddda0cf \
    --hash=sha256:e78c8603dcd9a04c7364f1a3e670cea95d51ee865e4efb3556a3a63adef958ea \
    --hash=sha256:eb7e81434c8d223ec4a219b5fc1c47d0417b12be7ea866e24fb5ad6e84b3d988 \
    --hash=sha256:ed0cace939114f62738d808fdcecd4c869222507e266e574799e9c0faa17d486 \
    --hash=sha256:eed63d3b4d62449571547b60578c5b2c4bcccc5387148db46e0c2313dad0ee00 \
    --hash=sha256:fd04ef36b4a6d599bbdb225dd1d3f51e00105f6d48a28f006da7f9822f2606d8
    # via rknn-toolkit2
rknn-toolkit2 @ https://raw.githubusercontent.com/airockchip/rknn-toolkit2/42aa1d426c0a9e0869b6374edba009f7208a1926/rknn-toolkit2/packages/x86_64/rknn_toolkit2-2.3.2-cp312-cp312-manylinux_2_17_x86_64.manylinux2014_x86_64.whl#sha256=504d7fcf6a792dfa874e25155de0afb5d6650f04a1a0d49b0886934bec4741ef \
    --hash=sha256:504d7fcf6a792dfa874e25155de0afb5d6650f04a1a0d49b0886934bec4741ef
    # via -r docker/python/rknn-converter.in
ruamel-yaml==0.19.1 \
    --hash=sha256:27592957fedf6e0b62f281e96effd28043345e0e66001f97683aa9a40c667c93 \
    --hash=sha256:53eb66cd27849eff968ebf8f0bf61f46cdac2da1d1f3576dd4ccee9b25c31993
    # via rknn-toolkit2
scipy==1.17.1 \
    --hash=sha256:010f4333c96c9bb1a4516269e33cb5917b08ef2166d5556ca2fd9f082a9e6ea0 \
    --hash=sha256:02ae3b274fde71c5e92ac4d54bc06c42d80e399fec704383dcd99b301df37458 \
    --hash=sha256:08b900519463543aa604a06bec02461558a6e1cef8fdbb8098f77a48a83c8118 \
    --hash=sha256:131f5aaea57602008f9822e2115029b55d4b5f7c070287699fe45c661d051e39 \
    --hash=sha256:158dd96d2207e21c966063e1635b1063cd7787b627b6f07305315dd73d9c679e \
    --hash=sha256:1cc682cea2ae55524432f3cdff9e9a3be743d52a7443d0cba9017c23c87ae2f6 \
    --hash=sha256:1f95b894f13729334fb990162e911c9e5dc1ab390c58aa6cbecb389c5b5e28ec \
    --hash=sha256:200e1050faffacc162be6a486a984a0497866ec54149a01270adc8a59b7c7d21 \
    --hash=sha256:2040ad4d1795a0ae89bfc7e8429677f365d45aa9fd5e4587cf1ea737f927b4a1 \
    --hash=sha256:2b64ca7d4aee0102a97f3ba22124052b4bd2152522355073580bf4845e2550b6 \
    --hash=sha256:2ceb2d3e01c5f1d83c4189737a42d9cb2fc38a6eeed225e7515eef71ad301dce \
    --hash=sha256:35c3a56d2ef83efc372eaec584314bd0ef2e2f0d2adb21c55e6ad5b344c0dcb8 \
    --hash=sha256:37425bc9175607b0268f493d79a292c39f9d001a357bebb6b88fdfaff13f6448 \
    --hash=sha256:3877ac408e14da24a6196de0ddcace62092bfc12a83823e92e49e40747e52c19 \
    --hash=sha256:3fd1fcdab3ea951b610dc4cef356d416d5802991e7e32b5254828d342f7b7e0b \
    --hash=sha256:41b71f4a3a4cab9d366cd9065b288efc4d4f3c0b37a91a8e0947fb5bd7f31d87 \
    --hash=sha256:43af8d1f3bea642559019edfe64e9b11192a8978efbd1539d7bc2aaa23d92de4 \
    --hash=sha256:45abad819184f07240d8a696117a7aacd39787af9e0b719d00285549ed19a1e9 \
    --hash=sha256:4b400bdc6f79fa02a4d86640310dde87a21fba0c979efff5248908c6f15fad1b \
    --hash=sha256:4eb6c25dd62ee8d5edf68a8e1c171dd71c292fdae95d8aeb3dd7d7de4c364082 \
    --hash=sha256:581b2264fc0aa555f3f435a5944da7504ea3a065d7029ad60e7c3d1ae09c5464 \
    --hash=sha256:5cf36e801231b6a2059bf354720274b7558746f3b1a4efb43fcf557ccd484a87 \
    --hash=sha256:5e3c5c011904115f88a39308379c17f91546f77c1667cea98739fe0fccea804c \
    --hash=sha256:6609bc224e9568f65064cfa72edc0f24ee6655b47575954ec6339534b2798369 \
    --hash=sha256:6e3dcd57ab780c741fde8dc68619de988b966db759a3c3152e8e9142c26295ad \
    --hash=sha256:6fac755ca3d2c3edcb22f479fceaa241704111414831ddd3bc6056e18516892f \
    --hash=sha256:744b2bf3640d907b79f3fd7874efe432d1cf171ee721243e350f55234b4cec4c \
    --hash=sha256:74cbb80d93260fe2ffa334efa24cb8f2f0f622a9b9febf8b483c0b865bfb3475 \
    --hash=sha256:766e0dc5a616d026a3a1cffa379af959671729083882f50307e18175797b3dfd \
    --hash=sha256:7bdf2da170b67fdf10bca777614b1c7d96ae3ca5794fd9587dce41eb2966e866 \
    --hash=sha256:7ff200bf9d24f2e4d5dc6ee8c3ac64d739d3a89e2326ba68aaf6c4a2b838fd7d \
    --hash=sha256:844e165636711ef41f80b4103ed234181646b98a53c8f05da12ca5ca289134f6 \
    --hash=sha256:8a604bae87c6195d8b1045eddece0514d041604b14f2727bbc2b3020172045eb \
    --hash=sha256:94055a11dfebe37c656e70317e1996dc197e1a15bbcc351bcdd4610e128fe1ca \
    --hash=sha256:95d8e012d8cb8816c226aef832200b1d45109ed4464303e997c5b13122b297c0 \
    --hash=sha256:9cdc1a2fcfd5c52cfb3045feb399f7b3ce822abdde3a193a6b9a60b3cb5854ca \
    --hash=sha256:9ecb4efb1cd6e8c4afea0daa91a87fbddbce1b99d2895d151596716c0b2e859d \
    --hash=sha256:a3472cfbca0a54177d0faa68f697d8ba4c80bbdc19908c3465556d9f7efce9ee \
    --hash=sha256:a4328d245944d09fd639771de275701ccadf5f781ba0ff092ad141e017eccda4 \
    --hash=sha256:a48a72c77a310327f6a3a920092fa2b8fd03d7deaa60f093038f22d98e096717 \
    --hash=sha256:a720477885a9d2411f94a93d16f9d89bad0f28ca23c3f8daa521e2dcc3f44d49 \
    --hash=sha256:a77cbd07b940d326d39a1d1b37817e2ee4d79cb30e7338f3d0cddffae70fcaa2 \
    --hash=sha256:a9956e4d4f4a301ebf6cde39850333a6b6110799d470dbbb1e25326ac447f52a \
    --hash=sha256:adb2642e060a6549c343603a3851ba76ef0b74cc8c079a9a58121c7ec9fe2350 \
    --hash=sha256:beeda3d4ae615106d7094f7e7cef6218392e4465cc95d25f900bebabfded0950 \
    --hash=sha256:c80be5ede8f3f8eded4eff73cc99a25c388ce98e555b17d31da05287015ffa5b \
    --hash=sha256:cc90d2e9c7e5c7f1a482c9875007c095c3194b1cfedca3c2f3291cdc2bc7c086 \
    --hash=sha256:cd96a1898c0a47be4520327e01f874acfd61fb48a9420f8aa9f6483412ffa444 \
    --hash=sha256:d2650c1fb97e184d12d8ba010493ee7b322864f7d3d00d3f9bb97d9c21de4068 \
    --hash=sha256:d30e57c72013c2a4fe441c2fcb8e77b14e152ad48b5464858e07e2ad9fbfceff \
    --hash=sha256:d59c30000a16d8edc7e64152e30220bfbd724c9bbb08368c054e24c651314f0a \
    --hash=sha256:dbc12c9f3d185f5c737d801da555fb74b3dcfa1a50b66a1a93e09190f41fab50 \
    --hash=sha256:e18f12c6b0bc5a592ed23d3f7b891f68fd7f8241d69b7883769eb5d5dfb52696 \
    --hash=sha256:e19ebea31758fac5893a2ac360fedd00116cbb7628e650842a6691ba7ca28a21 \
    --hash=sha256:e30bdeaa5deed6bc27b4cc490823cd0347d7dae09119b8803ae576ea0ce52e4c \
    --hash=sha256:eb092099205ef62cd1782b006658db09e2fed75bffcae7cc0d44052d8aa0f484 \
    --hash=sha256:eee2cfda04c00a857206a4330f0c5e3e56535494e30ca445eb19ec624ae75118 \
    --hash=sha256:f4115102802df98b2b0db3cce5cb9b92572633a1197c77b7553e5203f284a5b3 \
    --hash=sha256:f590cd684941912d10becc07325a3eeb77886fe981415660d9265c4c418d0bea \
    --hash=sha256:f8885db0bc2bffa59d5c1b72fad7a6a92d3e80e7257f967dd81abb553a90d293 \
    --hash=sha256:fcb310ddb270a06114bb64bbe53c94926b943f5b7f0842194d585c65eb4edd76
    # via rknn-toolkit2
setuptools==80.10.2 \
    --hash=sha256:8b0e9d10c784bf7d262c4e5ec5d4ec94127ce206e8738f29a437945fbc219b70 \
    --hash=sha256:95b30ddfb717250edb492926c92b5221f7ef3fbcc2b07579bcd4a27da21d0173
    # via
    #   -r docker/python/rknn-converter.in
    #   torch
sympy==1.14.0 \
    --hash=sha256:d3d3fe8df1e5a0b42f0e7bdf50541697dbe7d23746e894990c030e2b05e72517 \
    --hash=sha256:e091cc3e99d2141a0ba2847328f5479b05d94a6635cb96148ccb3f34671bd8f5
    # via torch
torch @ https://download-r2.pytorch.org/whl/cpu/torch-2.4.0%2Bcpu-cp312-cp312-linux_x86_64.whl#sha256=78dbf5f2789933a7ea2dabeead4daa44679b1e0d8eb35ddb7071c8ab7b181eb3 \
    --hash=sha256:78dbf5f2789933a7ea2dabeead4daa44679b1e0d8eb35ddb7071c8ab7b181eb3
    # via
    #   -r docker/python/rknn-converter.in
    #   rknn-toolkit2
tqdm==4.68.4 \
    --hash=sha256:19829c9673638f2a0b8617da4cdcb927e831cd88bcfcb6e78d42a4d1af131520 \
    --hash=sha256:5168118b2368f48c561afda8020fd79195b1bdb0bdf8086b88442c267a315dc2
    # via rknn-toolkit2
typing-extensions==4.16.0 \
    --hash=sha256:481caa481374e813c1b176ada14e97f1f67a4539ce9cfeb3f350d78d6370c2e8 \
    --hash=sha256:dc983d19a509c94dba722ee6abd33940f7c05a89e243c47e907eb4db6f1a43e5
    # via
    #   onnx
    #   torch
